// !$*UTF8*$!
{
	archiveVersion = 1;
	classes = {
	};
	objectVersion = 46;
	objects = {

/* Begin PBXBuildFile section */
		C06BA4BF1BA1B0F000D66720 /* main.m in Sources */ = {isa = PBXBuildFile; fileRef = C06BA4BE1BA1B0F000D66720 /* main.m */; };
		C06BA4C21BA1B0F000D66720 /* AppDelegate.m in Sources */ = {isa = PBXBuildFile; fileRef = C06BA4C11BA1B0F000D66720 /* AppDelegate.m */; };
		C06BA4C51BA1B0F000D66720 /* ViewController.m in Sources */ = {isa = PBXBuildFile; fileRef = C06BA4C41BA1B0F000D66720 /* ViewController.m */; };
		C06BA4C81BA1B0F000D66720 /* Main.storyboard in Resources */ = {isa = PBXBuildFile; fileRef = C06BA4C61BA1B0F000D66720 /* Main.storyboard */; };
		C06BA4CA1BA1B0F000D66720 /* Images.xcassets in Resources */ = {isa = PBXBuildFile; fileRef = C06BA4C91BA1B0F000D66720 /* Images.xcassets */; };
		C06BA4CD1BA1B0F000D66720 /* LaunchScreen.xib in Resources */ = {isa = PBXBuildFile; fileRef = C06BA4CB1BA1B0F000D66720 /* LaunchScreen.xib */; };
		C06BA4D91BA1B0F000D66720 /* tamilsmsTests.m in Sources */ = {isa = PBXBuildFile; fileRef = C06BA4D81BA1B0F000D66720 /* tamilsmsTests.m */; };
/* End PBXBuildFile section */

/* Begin PBXContainerItemProxy section */
		C06BA4D31BA1B0F000D66720 /* PBXContainerItemProxy */ = {
			isa = PBXContainerItemProxy;
			containerPortal = C06BA4B11BA1B0F000D66720 /* Project object */;
			proxyType = 1;
			remoteGlobalIDString = C06BA4B81BA1B0F000D66720;
			remoteInfo = tamilsms;
		};
/* End PBXContainerItemProxy section */

/* Begin PBXFileReference section */
		C06BA4B91BA1B0F000D66720 /* tamilsms.app */ = {isa = PBXFileReference; explicitFileType = wrapper.application; includeInIndex = 0; path = tamilsms.app; sourceTree = BUILT_PRODUCTS_DIR; };
		C06BA4BD1BA1B0F000D66720 /* Info.plist */ = {isa = PBXFileReference; lastKnownFileType = text.plist.xml; path = Info.plist; sourceTree = "<group>"; };
		C06BA4BE1BA1B0F000D66720 /* main.m */ = {isa = PBXFileReference; lastKnownFileType = sourcecode.c.objc; path = main.m; sourceTree = "<group>"; };
		C06BA4C01BA1B0F000D66720 /* AppDelegate.h */ = {isa = PBXFileReference; lastKnownFileType = sourcecode.c.h; path = AppDelegate.h; sourceTree = "<group>"; };
		C06BA4C11BA1B0F000D66720 /* AppDelegate.m */ = {isa = PBXFileReference; lastKnownFileType = sourcecode.c.objc; path = AppDelegate.m; sourceTree = "<group>"; };
		C06BA4C31BA1B0F000D66720 /* ViewController.h */ = {isa = PBXFileReference; lastKnownFileType = sourcecode.c.h; path = ViewController.h; sourceTree = "<group>"; };
		C06BA4C41BA1B0F000D66720 /* ViewController.m */ = {isa = PBXFileReference; lastKnownFileType = sourcecode.c.objc; path = ViewController.m; sourceTree = "<group>"; };
		C06BA4C71BA1B0F000D66720 /* Base */ = {isa = PBXFileReference; lastKnownFileType = file.storyboard; name = Base; path = Base.lproj/Main.storyboard; sourceTree = "<group>"; };
		C06BA4C91BA1B0F000D66720 /* Images.xcassets */ = {isa = PBXFileReference; lastKnownFileType = folder.assetcatalog; path = Images.xcassets; sourceTree = "<group>"; };
		C06BA4CC1BA1B0F000D66720 /* Base */ = {isa = PBXFileReference; lastKnownFileType = file.xib; name = Base; path = Base.lproj/LaunchScreen.xib; sourceTree = "<group>"; };
		C06BA4D21BA1B0F000D66720 /* tamilsmsTests.xctest */ = {isa = PBXFileReference; explicitFileType = wrapper.cfbundle; includeInIndex = 0; path = tamilsmsTests.xctest; sourceTree = BUILT_PRODUCTS_DIR; };
		C06BA4D71BA1B0F000D66720 /* Info.plist */ = {isa = PBXFileReference; lastKnownFileType = text.plist.xml; path = Info.plist; sourceTree = "<group>"; };
		C06BA4D81BA1B0F000D66720 /* tamilsmsTests.m */ = {isa = PBXFileReference; lastKnownFileType = sourcecode.c.objc; path = tamilsmsTests.m; sourceTree = "<group>"; };
/* End PBXFileReference section */

/* Begin PBXFrameworksBuildPhase section */
		C06BA4B61BA1B0F000D66720 /* Frameworks */ = {
			isa = PBXFrameworksBuildPhase;
			buildActionMask = 2147483647;
			files = (
			);
			runOnlyForDeploymentPostprocessing = 0;
		};
		C06BA4CF1BA1B0F000D66720 /* Frameworks */ = {
			isa = PBXFrameworksBuildPhase;
			buildActionMask = 2147483647;
			files = (
			);
			runOnlyForDeploymentPostprocessing = 0;
		};
/* End PBXFrameworksBuildPhase section */

/* Begin PBXGroup section */
		C06BA4B01BA1B0F000D66720 = {
			isa = PBXGroup;
			children = (
				C06BA4BB1BA1B0F000D66720 /* tamilsms */,
				C06BA4D51BA1B0F000D66720 /* tamilsmsTests */,
				C06BA4BA1BA1B0F000D66720 /* Products */,
			);
			sourceTree = "<group>";
		};
		C06BA4BA1BA1B0F000D66720 /* Products */ = {
			isa = PBXGroup;
			children = (
				C06BA4B91BA1B0F000D66720 /* tamilsms.app */,
				C06BA4D21BA1B0F000D66720 /* tamilsmsTests.xctest */,
			);
			name = Products;
			sourceTree = "<group>";
		};
		C06BA4BB1BA1B0F000D66720 /* tamilsms */ = {
			isa = PBXGroup;
			children = (
				C06BA4C01BA1B0F000D66720 /* AppDelegate.h */,
				C06BA4C11BA1B0F000D66720 /* AppDelegate.m */,
				C06BA4C31BA1B0F000D66720 /* ViewController.h */,
				C06BA4C41BA1B0F000D66720 /* ViewController.m */,
				C06BA4C61BA1B0F000D66720 /* Main.storyboard */,
				C06BA4C91BA1B0F000D66720 /* Images.xcassets */,
				C06BA4CB1BA1B0F000D66720 /* LaunchScreen.xib */,
				C06BA4BC1BA1B0F000D66720 /* Supporting Files */,
			);
			path = tamilsms;
			sourceTree = "<group>";
		};
		C06BA4BC1BA1B0F000D66720 /* Supporting Files */ = {
			isa = PBXGroup;
			children = (
				C06BA4BD1BA1B0F000D66720 /* Info.plist */,
				C06BA4BE1BA1B0F000D66720 /* main.m */,
			);
			name = "Supporting Files";
			sourceTree = "<group>";
		};
		C06BA4D51BA1B0F000D66720 /* tamilsmsTests */ = {
			isa = PBXGroup;
			children = (
				C06BA4D81BA1B0F000D66720 /* tamilsmsTests.m */,
				C06BA4D61BA1B0F000D66720 /* Supporting Files */,
			);
			path = tamilsmsTests;
			sourceTree = "<group>";
		};
		C06BA4D61BA1B0F000D66720 /* Supporting Files */ = {
			isa = PBXGroup;
			children = (
				C06BA4D71BA1B0F000D66720 /* Info.plist */,
			);
			name = "Supporting Files";
			sourceTree = "<group>";
		};
/* End PBXGroup section */

/* Begin PBXNativeTarget section */
		C06BA4B81BA1B0F000D66720 /* tamilsms */ = {
			isa = PBXNativeTarget;
			buildConfigurationList = C06BA4DC1BA1B0F000D66720 /* Build configuration list for PBXNativeTarget "tamilsms" */;
			buildPhases = (
				C06BA4B51BA1B0F000D66720 /* Sources */,
				C06BA4B61BA1B0F000D66720 /* Frameworks */,
				C06BA4B71BA1B0F000D66720 /* Resources */,
			);
			buildRules = (
			);
			dependencies = (
			);
			name = tamilsms;
			productName = tamilsms;
			productReference = C06BA4B91BA1B0F000D66720 /* tamilsms.app */;
			productType = "com.apple.product-type.application";
		};
		C06BA4D11BA1B0F000D66720 /* tamilsmsTests */ = {
			isa = PBXNativeTarget;
			buildConfigurationList = C06BA4DF1BA1B0F000D66720 /* Build configuration list for PBXNativeTarget "tamilsmsTests" */;
			buildPhases = (
				C06BA4CE1BA1B0F000D66720 /* Sources */,
				C06BA4CF1BA1B0F000D66720 /* Frameworks */,
				C06BA4D01BA1B0F000D66720 /* Resources */,
			);
			buildRules = (
			);
			dependencies = (
				C06BA4D41BA1B0F000D66720 /* PBXTargetDependency */,
			);
			name = tamilsmsTests;
			productName = tamilsmsTests;
			productReference = C06BA4D21BA1B0F000D66720 /* tamilsmsTests.xctest */;
			productType = "com.apple.product-type.bundle.unit-test";
		};
/* End PBXNativeTarget section */

/* Begin PBXProject section */
		C06BA4B11BA1B0F000D66720 /* Project object */ = {
			isa = PBXProject;
			attributes = {
				LastUpgradeCheck = 0640;
				ORGANIZATIONNAME = "arun benjamin";
				TargetAttributes = {
					C06BA4B81BA1B0F000D66720 = {
						CreatedOnToolsVersion = 6.4;
					};
					C06BA4D11BA1B0F000D66720 = {
						CreatedOnToolsVersion = 6.4;
						TestTargetID = C06BA4B81BA1B0F000D66720;
					};
				};
			};
			buildConfigurationList = C06BA4B41BA1B0F000D66720 /* Build configuration list for PBXProject "tamilsms" */;
			compatibilityVersion = "Xcode 3.2";
			developmentRegion = English;
			hasScannedForEncodings = 0;
			knownRegions = (
				en,
				Base,
			);
			mainGroup = C06BA4B01BA1B0F000D66720;
			productRefGroup = C06BA4BA1BA1B0F000D66720 /* Products */;
			projectDirPath = "";
			projectRoot = "";
			targets = (
				C06BA4B81BA1B0F000D66720 /* tamilsms */,
				C06BA4D11BA1B0F000D66720 /* tamilsmsTests */,
			);
		};
/* End PBXProject section */

/* Begin PBXResourcesBuildPhase section */
		C06BA4B71BA1B0F000D66720 /* Resources */ = {
			isa = PBXResourcesBuildPhase;
			buildActionMask = 2147483647;
			files = (
				C06BA4C81BA1B0F000D66720 /* Main.storyboard in Resources */,
				C06BA4CD1BA1B0F000D66720 /* LaunchScreen.xib in Resources */,
				C06BA4CA1BA1B0F000D66720 /* Images.xcassets in Resources */,
			);
			runOnlyForDeploymentPostprocessing = 0;
		};
		C06BA4D01BA1B0F000D66720 /* Resources */ = {
			isa = PBXResourcesBuildPhase;
			buildActionMask = 2147483647;
			files = (
			);
			runOnlyForDeploymentPostprocessing = 0;
		};
/* End PBXResourcesBuildPhase section */

/* Begin PBXSourcesBuildPhase section */
		C06BA4B51BA1B0F000D66720 /* Sources */ = {
			isa = PBXSourcesBuildPhase;
			buildActionMask = 2147483647;
			files = (
				C06BA4C51BA1B0F000D66720 /* ViewController.m in Sources */,
				C06BA4C21BA1B0F000D66720 /* AppDelegate.m in Sources */,
				C06BA4BF1BA1B0F000D66720 /* main.m in Sources */,
			);
			runOnlyForDeploymentPostprocessing = 0;
		};
		C06BA4CE1BA1B0F000D66720 /* Sources */ = {
			isa = PBXSourcesBuildPhase;
			buildActionMask = 2147483647;
			files = (
				C06BA4D91BA1B0F000D66720 /* tamilsmsTests.m in Sources */,
			);
			runOnlyForDeploymentPostprocessing = 0;
		};
/* End PBXSourcesBuildPhase section */

/* Begin PBXTargetDependency section */
		C06BA4D41BA1B0F000D66720 /* PBXTargetDependency */ = {
			isa = PBXTargetDependency;
			target = C06BA4B81BA1B0F000D66720 /* tamilsms */;
			targetProxy = C06BA4D31BA1B0F000D66720 /* PBXContainerItemProxy */;
		};
/* End PBXTargetDependency section */

/* Begin PBXVariantGroup section */
		C06BA4C61BA1B0F000D66720 /* Main.storyboard */ = {
			isa = PBXVariantGroup;
			children = (
				C06BA4C71BA1B0F000D66720 /* Base */,
			);
			name = Main.storyboard;
			sourceTree = "<group>";
		};
		C06BA4CB1BA1B0F000D66720 /* LaunchScreen.xib */ = {
			isa = PBXVariantGroup;
			children = (
				C06BA4CC1BA1B0F000D66720 /* Base */,
			);
			name = LaunchScreen.xib;
			sourceTree = "<group>";
		};
/* End PBXVariantGroup section */

/* Begin XCBuildConfiguration section */
		C06BA4DA1BA1B0F000D66720 /* Debug */ = {
			isa = XCBuildConfiguration;
			buildSettings = {
				ALWAYS_SEARCH_USER_PATHS = NO;
				CLANG_CXX_LANGUAGE_STANDARD = "gnu++0x";
				CLANG_CXX_LIBRARY = "libc++";
				CLANG_ENABLE_MODULES = YES;
				CLANG_ENABLE_OBJC_ARC = YES;
				CLANG_WARN_BOOL_CONVERSION = YES;
				CLANG_WARN_CONSTANT_CONVERSION = YES;
				CLANG_WARN_DIRECT_OBJC_ISA_USAGE = YES_ERROR;
				CLANG_WARN_EMPTY_BODY = YES;
				CLANG_WARN_ENUM_CONVERSION = YES;
				CLANG_WARN_INT_CONVERSION = YES;
				CLANG_WARN_OBJC_ROOT_CLASS = YES_ERROR;
				CLANG_WARN_UNREACHABLE_CODE = YES;
				CLANG_WARN__DUPLICATE_METHOD_MATCH = YES;
				"CODE_SIGN_IDENTITY[sdk=iphoneos*]" = "iPhone Developer";
				COPY_PHASE_STRIP = NO;
				DEBUG_INFORMATION_FORMAT = "dwarf-with-dsym";
				ENABLE_STRICT_OBJC_MSGSEND = YES;
				GCC_C_LANGUAGE_STANDARD = gnu99;
				GCC_DYNAMIC_NO_PIC = NO;
				GCC_NO_COMMON_BLOCKS = YES;
				GCC_OPTIMIZATION_LEVEL = 0;
				GCC_PREPROCESSOR_DEFINITIONS = (
					"DEBUG=1",
					"$(inherited)",
				);
				GCC_SYMBOLS_PRIVATE_EXTERN = NO;
				GCC_WARN_64_TO_32_BIT_CONVERSION = YES;
				GCC_WARN_ABOUT_RETURN_TYPE = YES_ERROR;
				GCC_WARN_UNDECLARED_SELECTOR = YES;
				GCC_WARN_UNINITIALIZED_AUTOS = YES_AGGRESSIVE;
				GCC_WARN_UNUSED_FUNCTION = YES;
				GCC_WARN_UNUSED_VARIABLE = YES;
				IPHONEOS_DEPLOYMENT_TARGET = 8.4;
				MTL_ENABLE_DEBUG_INFO = YES;
				ONLY_ACTIVE_ARCH = YES;
				SDKROOT = iphoneos;
			};
			name = Debug;
		};
		C06BA4DB1BA1B0F000D66720 /* Release */ = {
			isa = XCBuildConfiguration;
			buildSettings = {
				ALWAYS_SEARCH_USER_PATHS = NO;
				CLANG_CXX_LANGUAGE_STANDARD = "gnu++0x";
				CLANG_CXX_LIBRARY = "libc++";
				CLANG_ENABLE_MODULES = YES;
				CLANG_ENABLE_OBJC_ARC = YES;
				CLANG_WARN_BOOL_CONVERSION = YES;
				CLANG_WARN_CONSTANT_CONVERSION = YES;
				CLANG_WARN_DIRECT_OBJC_ISA_USAGE = YES_ERROR;
				CLANG_WARN_EMPTY_BODY = YES;
				CLANG_WARN_ENUM_CONVERSION = YES;
				CLANG_WARN_INT_CONVERSION = YES;
				CLANG_WARN_OBJC_ROOT_CLASS = YES_ERROR;
				CLANG_WARN_UNREACHABLE_CODE = YES;
				CLANG_WARN__DUPLICATE_METHOD_MATCH = YES;
				"CODE_SIGN_IDENTITY[sdk=iphoneos*]" = "iPhone Developer";
				COPY_PHASE_STRIP = NO;
				DEBUG_INFORMATION_FORMAT = "dwarf-with-dsym";
				ENABLE_NS_ASSERTIONS = NO;
				ENABLE_STRICT_OBJC_MSGSEND = YES;
				GCC_C_LANGUAGE_STANDARD = gnu99;
				GCC_NO_COMMON_BLOCKS = YES;
				GCC_WARN_64_TO_32_BIT_CONVERSION = YES;
				GCC_WARN_ABOUT_RETURN_TYPE = YES_ERROR;
				GCC_WARN_UNDECLARED_SELECTOR = YES;
				GCC_WARN_UNINITIALIZED_AUTOS = YES_AGGRESSIVE;
				GCC_WARN_UNUSED_FUNCTION = YES;
				GCC_WARN_UNUSED_VARIABLE = YES;
				IPHONEOS_DEPLOYMENT_TARGET = 8.4;
				MTL_ENABLE_DEBUG_INFO = NO;
				SDKROOT = iphoneos;
				VALIDATE_PRODUCT = YES;
			};
			name = Release;
		};
		C06BA4DD1BA1B0F000D66720 /* Debug */ = {
			isa = XCBuildConfiguration;
			buildSettings = {
				ASSETCATALOG_COMPILER_APPICON_NAME = AppIcon;
				INFOPLIST_FILE = tamilsms/Info.plist;
				LD_RUNPATH_SEARCH_PATHS = "$(inherited) @executable_path/Frameworks";
				PRODUCT_NAME = "$(TARGET_NAME)";
			};
			name = Debug;
		};
		C06BA4DE1BA1B0F000D66720 /* Release */ = {
			isa = XCBuildConfiguration;
			buildSettings = {
				ASSETCATALOG_COMPILER_APPICON_NAME = AppIcon;
				INFOPLIST_FILE = tamilsms/Info.plist;
				LD_RUNPATH_SEARCH_PATHS = "$(inherited) @executable_path/Frameworks";
				PRODUCT_NAME = "$(TARGET_NAME)";
			};
			name = Release;
		};
		C06BA4E01BA1B0F000D66720 /* Debug */ = {
			isa = XCBuildConfiguration;
			buildSettings = {
				BUNDLE_LOADER = "$(TEST_HOST)";
				FRAMEWORK_SEARCH_PATHS = (
					"$(SDKROOT)/Developer/Library/Frameworks",
					"$(inherited)",
				);
				GCC_PREPROCESSOR_DEFINITIONS = (
					"DEBUG=1",
					"$(inherited)",
				);
				INFOPLIST_FILE = tamilsmsTests/Info.plist;
				LD_RUNPATH_SEARCH_PATHS = "$(inherited) @executable_path/Frameworks @loader_path/Frameworks";
				PRODUCT_NAME = "$(TARGET_NAME)";
				TEST_HOST = "$(BUILT_PRODUCTS_DIR)/tamilsms.app/tamilsms";
			};
			name = Debug;
		};
		C06BA4E11BA1B0F000D66720 /* Release */ = {
			isa = XCBuildConfiguration;
			buildSettings = {
				BUNDLE_LOADER = "$(TEST_HOST)";
				FRAMEWORK_SEARCH_PATHS = (
					"$(SDKROOT)/Developer/Library/Frameworks",
					"$(inherited)",
				);
				INFOPLIST_FILE = tamilsmsTests/Info.plist;
				LD_RUNPATH_SEARCH_PATHS = "$(inherited) @executable_path/Frameworks @loader_path/Frameworks";
				PRODUCT_NAME = "$(TARGET_NAME)";
				TEST_HOST = "$(BUILT_PRODUCTS_DIR)/tamilsms.app/tamilsms";
			};
			name = Release;
		};
/* End XCBuildConfiguration section */

/* Begin XCConfigurationList section */
		C06BA4B41BA1B0F000D66720 /* Build configuration list for PBXProject "tamilsms" */ = {
			isa = XCConfigurationList;
			buildConfigurations = (
				C06BA4DA1BA1B0F000D66720 /* Debug */,
				C06BA4DB1BA1B0F000D66720 /* Release */,
			);
			defaultConfigurationIsVisible = 0;
			defaultConfigurationName = Release;
		};
		C06BA4DC1BA1B0F000D66720 /* Build configuration list for PBXNativeTarget "tamilsms" */ = {
			isa = XCConfigurationList;
			buildConfigurations = (
				C06BA4DD1BA1B0F000D66720 /* Debug */,
				C06BA4DE1BA1B0F000D66720 /* Release */,
			);
			defaultConfigurationIsVisible = 0;
		};
		C06BA4DF1BA1B0F000D66720 /* Build configuration list for PBXNativeTarget "tamilsmsTests" */ = {
			isa = XCConfigurationList;
			buildConfigurations = (
				C06BA4E01BA1B0F000D66720 /* Debug */,
				C06BA4E11BA1B0F000D66720 /* Release */,
			);
			defaultConfigurationIsVisible = 0;
		};
/* End XCConfigurationList section */
	};
	rootObject = C06BA4B11BA1B0F000D66720 /* Project object */;
}
